// !$*UTF8*$!
{
	archiveVersion = 1;
	classes = {
	};
	objectVersion = 77;
	objects = {

/* Begin PBXBuildFile section */
		5C95E8D92EB1C6D0005A34B7 /* SDWebImageSwiftUI in Frameworks */ = {isa = PBXBuildFile; productRef = 5C95E8D82EB1C6D0005A34B7 /* SDWebImageSwiftUI */; };
/* End PBXBuildFile section */

/* Begin PBXContainerItemProxy section */
		5C95E8592EB1C22D005A34B7 /* PBXContainerItemProxy */ = {
			isa = PBXContainerItemProxy;
			containerPortal = 5C95E8412EB1C22B005A34B7 /* Project object */;
			proxyType = 1;
			remoteGlobalIDString = 5C95E8482EB1C22B005A34B7;
			remoteInfo = HatchWorksCodeChallenge;
		};
		5C95E8632EB1C22D005A34B7 /* PBXContainerItemProxy */ = {
			isa = PBXContainerItemProxy;
			containerPortal = 5C95E8412EB1C22B005A34B7 /* Project object */;
			proxyType = 1;
			remoteGlobalIDString = 5C95E8482EB1C22B005A34B7;
			remoteInfo = HatchWorksCodeChallenge;
		};
/* End PBXContainerItemProxy section */

/* Begin PBXFileReference section */
		5C95E8492EB1C22B005A34B7 /* HatchWorksCodeChallenge.app */ = {isa = PBXFileReference; explicitFileType = wrapper.application; includeInIndex = 0; path = HatchWorksCodeChallenge.app; sourceTree = BUILT_PRODUCTS_DIR; };
		5C95E8582EB1C22D005A34B7 /* HatchWorksCodeChallengeTests.xctest */ = {isa = PBXFileReference; explicitFileType = wrapper.cfbundle; includeInIndex = 0; path = HatchWorksCodeChallengeTests.xctest; sourceTree = BUILT_PRODUCTS_DIR; };
		5C95E8622EB1C22D005A34B7 /* HatchWorksCodeChallengeUITests.xctest */ = {isa = PBXFileReference; explicitFileType = wrapper.cfbundle; includeInIndex = 0; path = HatchWorksCodeChallengeUITests.xctest; sourceTree = BUILT_PRODUCTS_DIR; };
/* End PBXFileReference section */

/* Begin PBXFileSystemSynchronizedRootGroup section */
		5C95E84B2EB1C22B005A34B7 /* HatchWorksCodeChallenge */ = {
			isa = PBXFileSystemSynchronizedRootGroup;
			path = HatchWorksCodeChallenge;
			sourceTree = "<group>";
		};
		5C95E85B2EB1C22D005A34B7 /* HatchWorksCodeChallengeTests */ = {
			isa = PBXFileSystemSynchronizedRootGroup;
			path = HatchWorksCodeChallengeTests;
			sourceTree = "<group>";
		};
/* End PBXFileSystemSynchronizedRootGroup section */

/* Begin PBXFrameworksBuildPhase section */
		5C95E8462EB1C22B005A34B7 /* Frameworks */ = {
			isa = PBXFrameworksBuildPhase;
			buildActionMask = 2147483647;
			files = (
				5C95E8D92EB1C6D0005A34B7 /* SDWebImageSwiftUI in Frameworks */,
			);
			runOnlyForDeploymentPostprocessing = 0;
		};
		5C95E8552EB1C22D005A34B7 /* Frameworks */ = {
			isa = PBXFrameworksBuildPhase;
			buildActionMask = 2147483647;
			files = (
			);
			runOnlyForDeploymentPostprocessing = 0;
		};
		5C95E85F2EB1C22D005A34B7 /* Frameworks */ = {
			isa = PBXFrameworksBuildPhase;
			buildActionMask = 2147483647;
			files = (
			);
			runOnlyForDeploymentPostprocessing = 0;
		};
/* End PBXFrameworksBuildPhase section */

/* Begin PBXGroup section */
		5C95E8402EB1C22B005A34B7 = {
			isa = PBXGroup;
			children = (
				5C95E84B2EB1C22B005A34B7 /* HatchWorksCodeChallenge */,
				5C95E85B2EB1C22D005A34B7 /* HatchWorksCodeChallengeTests */,
				5C95E84A2EB1C22B005A34B7 /* Products */,
			);
			sourceTree = "<group>";
		};
		5C95E84A2EB1C22B005A34B7 /* Products */ = {
			isa = PBXGroup;
			children = (
				5C95E8492EB1C22B005A34B7 /* HatchWorksCodeChallenge.app */,
				5C95E8582EB1C22D005A34B7 /* HatchWorksCodeChallengeTests.xctest */,
				5C95E8622EB1C22D005A34B7 /* HatchWorksCodeChallengeUITests.xctest */,
			);
			name = Products;
			sourceTree = "<group>";
		};
/* End PBXGroup section */

/* Begin PBXNativeTarget section */
		5C95E8482EB1C22B005A34B7 /* HatchWorksCodeChallenge */ = {
			isa = PBXNativeTarget;
			buildConfigurationList = 5C95E86C2EB1C22D005A34B7 /* Build configuration list for PBXNativeTarget "HatchWorksCodeChallenge" */;
			buildPhases = (
				5C95E8452EB1C22B005A34B7 /* Sources */,
				5C95E8462EB1C22B005A34B7 /* Frameworks */,
				5C95E8472EB1C22B005A34B7 /* Resources */,
			);
			buildRules = (
			);
			dependencies = (
			);
			fileSystemSynchronizedGroups = (
				5C95E84B2EB1C22B005A34B7 /* HatchWorksCodeChallenge */,
			);
			name = HatchWorksCodeChallenge;
			packageProductDependencies = (
				5C95E8D82EB1C6D0005A34B7 /* SDWebImageSwiftUI */,
			);
			productName = HatchWorksCodeChallenge;
			productReference = 5C95E8492EB1C22B005A34B7 /* HatchWorksCodeChallenge.app */;
			productType = "com.apple.product-type.application";
		};
		5C95E8572EB1C22D005A34B7 /* HatchWorksCodeChallengeTests */ = {
			isa = PBXNativeTarget;
			buildConfigurationList = 5C95E86F2EB1C22D005A34B7 /* Build configuration list for PBXNativeTarget "HatchWorksCodeChallengeTests" */;
			buildPhases = (
				5C95E8542EB1C22D005A34B7 /* Sources */,
				5C95E8552EB1C22D005A34B7 /* Frameworks */,
				5C95E8562EB1C22D005A34B7 /* Resources */,
			);
			buildRules = (
			);
			dependencies = (
				5C95E85A2EB1C22D005A34B7 /* PBXTargetDependency */,
			);
			fileSystemSynchronizedGroups = (
				5C95E85B2EB1C22D005A34B7 /* HatchWorksCodeChallengeTests */,
			);
			name = HatchWorksCodeChallengeTests;
			packageProductDependencies = (
			);
			productName = HatchWorksCodeChallengeTests;
			productReference = 5C95E8582EB1C22D005A34B7 /* HatchWorksCodeChallengeTests.xctest */;
			productType = "com.apple.product-type.bundle.unit-test";
		};
		5C95E8612EB1C22D005A34B7 /* HatchWorksCodeChallengeUITests */ = {
			isa = PBXNativeTarget;
			buildConfigurationList = 5C95E8722EB1C22D005A34B7 /* Build configuration list for PBXNativeTarget "HatchWorksCodeChallengeUITests" */;
			buildPhases = (
				5C95E85E2EB1C22D005A34B7 /* Sources */,
				5C95E85F2EB1C22D005A34B7 /* Frameworks */,
				5C95E8602EB1C22D005A34B7 /* Resources */,
			);
			buildRules = (
			);
			dependencies = (
				5C95E8642EB1C22D005A34B7 /* PBXTargetDependency */,
			);
			name = HatchWorksCodeChallengeUITests;
			packageProductDependencies = (
			);
			productName = HatchWorksCodeChallengeUITests;
			productReference = 5C95E8622EB1C22D005A34B7 /* HatchWorksCodeChallengeUITests.xctest */;
			productType = "com.apple.product-type.bundle.ui-testing";
		};
/* End PBXNativeTarget section */

/* Begin PBXProject section */
		5C95E8412EB1C22B005A34B7 /* Project object */ = {
			isa = PBXProject;
			attributes = {
				BuildIndependentTargetsInParallel = 1;
				LastSwiftUpdateCheck = 1640;
				LastUpgradeCheck = 1640;
				TargetAttributes = {
					5C95E8482EB1C22B005A34B7 = {
						CreatedOnToolsVersion = 16.4;
					};
					5C95E8572EB1C22D005A34B7 = {
						CreatedOnToolsVersion = 16.4;
						LastSwiftMigration = 1640;
						TestTargetID = 5C95E8482EB1C22B005A34B7;
					};
					5C95E8612EB1C22D005A34B7 = {
						CreatedOnToolsVersion = 16.4;
						TestTargetID = 5C95E8482EB1C22B005A34B7;
					};
				};
			};
			buildConfigurationList = 5C95E8442EB1C22B005A34B7 /* Build configuration list for PBXProject "HatchWorksCodeChallenge" */;
			developmentRegion = en;
			hasScannedForEncodings = 0;
			knownRegions = (
				en,
				Base,
			);
			mainGroup = 5C95E8402EB1C22B005A34B7;
			minimizedProjectReferenceProxies = 1;
			packageReferences = (
				5C95E8D72EB1C6D0005A34B7 /* XCRemoteSwiftPackageReference "SDWebImageSwiftUI" */,
			);
			preferredProjectObjectVersion = 77;
			productRefGroup = 5C95E84A2EB1C22B005A34B7 /* Products */;
			projectDirPath = "";
			projectRoot = "";
			targets = (
				5C95E8482EB1C22B005A34B7 /* HatchWorksCodeChallenge */,
				5C95E8572EB1C22D005A34B7 /* HatchWorksCodeChallengeTests */,
				5C95E8612EB1C22D005A34B7 /* HatchWorksCodeChallengeUITests */,
			);
		};
/* End PBXProject section */

/* Begin PBXResourcesBuildPhase section */
		5C95E8472EB1C22B005A34B7 /* Resources */ = {
			isa = PBXResourcesBuildPhase;
			buildActionMask = 2147483647;
			files = (
			);
			runOnlyForDeploymentPostprocessing = 0;
		};
		5C95E8562EB1C22D005A34B7 /* Resources */ = {
			isa = PBXResourcesBuildPhase;
			buildActionMask = 2147483647;
			files = (
			);
			runOnlyForDeploymentPostprocessing = 0;
		};
		5C95E8602EB1C22D005A34B7 /* Resources */ = {
			isa = PBXResourcesBuildPhase;
			buildActionMask = 2147483647;
			files = (
			);
			runOnlyForDeploymentPostprocessing = 0;
		};
/* End PBXResourcesBuildPhase section */

/* Begin PBXSourcesBuildPhase section */
		5C95E8452EB1C22B005A34B7 /* Sources */ = {
			isa = PBXSourcesBuildPhase;
			buildActionMask = 2147483647;
			files = (
			);
			runOnlyForDeploymentPostprocessing = 0;
		};
		5C95E8542EB1C22D005A34B7 /* Sources */ = {
			isa = PBXSourcesBuildPhase;
			buildActionMask = 2147483647;
			files = (
			);
			runOnlyForDeploymentPostprocessing = 0;
		};
		5C95E85E2EB1C22D005A34B7 /* Sources */ = {
			isa = PBXSourcesBuildPhase;
			buildActionMask = 2147483647;
			files = (
			);
			runOnlyForDeploymentPostprocessing = 0;
		};
/* End PBXSourcesBuildPhase section */

/* Begin PBXTargetDependency section */
		5C95E85A2EB1C22D005A34B7 /* PBXTargetDependency */ = {
			isa = PBXTargetDependency;
			target = 5C95E8482EB1C22B005A34B7 /* HatchWorksCodeChallenge */;
			targetProxy = 5C95E8592EB1C22D005A34B7 /* PBXContainerItemProxy */;
		};
		5C95E8642EB1C22D005A34B7 /* PBXTargetDependency */ = {
			isa = PBXTargetDependency;
			target = 5C95E8482EB1C22B005A34B7 /* HatchWorksCodeChallenge */;
			targetProxy = 5C95E8632EB1C22D005A34B7 /* PBXContainerItemProxy */;
		};
/* End PBXTargetDependency section */

/* Begin XCBuildConfiguration section */
		5C95E86A2EB1C22D005A34B7 /* Debug */ = {
			isa = XCBuildConfiguration;
			buildSettings = {
				ALWAYS_SEARCH_USER_PATHS = NO;
				ASSETCATALOG_COMPILER_GENERATE_SWIFT_ASSET_SYMBOL_EXTENSIONS = YES;
				CLANG_ANALYZER_NONNULL = YES;
				CLANG_ANALYZER_NUMBER_OBJECT_CONVERSION = YES_AGGRESSIVE;
				CLANG_CXX_LANGUAGE_STANDARD = "gnu++20";
				CLANG_ENABLE_MODULES = YES;
				CLANG_ENABLE_OBJC_ARC = YES;
				CLANG_ENABLE_OBJC_WEAK = YES;
				CLANG_WARN_BLOCK_CAPTURE_AUTORELEASING = YES;
				CLANG_WARN_BOOL_CONVERSION = YES;
				CLANG_WARN_COMMA = YES;
				CLANG_WARN_CONSTANT_CONVERSION = YES;
				CLANG_WARN_DEPRECATED_OBJC_IMPLEMENTATIONS = YES;
				CLANG_WARN_DIRECT_OBJC_ISA_USAGE = YES_ERROR;
				CLANG_WARN_DOCUMENTATION_COMMENTS = YES;
				CLANG_WARN_EMPTY_BODY = YES;
				CLANG_WARN_ENUM_CONVERSION = YES;
				CLANG_WARN_INFINITE_RECURSION = YES;
				CLANG_WARN_INT_CONVERSION = YES;
				CLANG_WARN_NON_LITERAL_NULL_CONVERSION = YES;
				CLANG_WARN_OBJC_IMPLICIT_RETAIN_SELF = YES;
				CLANG_WARN_OBJC_LITERAL_CONVERSION = YES;
				CLANG_WARN_OBJC_ROOT_CLASS = YES_ERROR;
				CLANG_WARN_QUOTED_INCLUDE_IN_FRAMEWORK_HEADER = YES;
				CLANG_WARN_RANGE_LOOP_ANALYSIS = YES;
				CLANG_WARN_STRICT_PROTOTYPES = YES;
				CLANG_WARN_SUSPICIOUS_MOVE = YES;
				CLANG_WARN_UNGUARDED_AVAILABILITY = YES_AGGRESSIVE;
				CLANG_WARN_UNREACHABLE_CODE = YES;
				CLANG_WARN__DUPLICATE_METHOD_MATCH = YES;
				COPY_PHASE_STRIP = NO;
				DEBUG_INFORMATION_FORMAT = dwarf;
				ENABLE_STRICT_OBJC_MSGSEND = YES;
				ENABLE_TESTABILITY = YES;
				ENABLE_USER_SCRIPT_SANDBOXING = YES;
				GCC_C_LANGUAGE_STANDARD = gnu17;
				GCC_DYNAMIC_NO_PIC = NO;
				GCC_NO_COMMON_BLOCKS = YES;
				GCC_OPTIMIZATION_LEVEL = 0;
				GCC_PREPROCESSOR_DEFINITIONS = (
					"DEBUG=1",
					"$(inherited)",
				);
				GCC_WARN_64_TO_32_BIT_CONVERSION = YES;
				GCC_WARN_ABOUT_RETURN_TYPE = YES_ERROR;
				GCC_WARN_UNDECLARED_SELECTOR = YES;
				GCC_WARN_UNINITIALIZED_AUTOS = YES_AGGRESSIVE;
				GCC_WARN_UNUSED_FUNCTION = YES;
				GCC_WARN_UNUSED_VARIABLE = YES;
				IPHONEOS_DEPLOYMENT_TARGET = 18.5;
				LOCALIZATION_PREFERS_STRING_CATALOGS = YES;
				MTL_ENABLE_DEBUG_INFO = INCLUDE_SOURCE;
				MTL_FAST_MATH = YES;
				ONLY_ACTIVE_ARCH = YES;
				SDKROOT = iphoneos;
				SWIFT_ACTIVE_COMPILATION_CONDITIONS = "DEBUG $(inherited)";
				SWIFT_OPTIMIZATION_LEVEL = "-Onone";
			};
			name = Debug;
		};
		5C95E86B2EB1C22D005A34B7 /* Release */ = {
			isa = XCBuildConfiguration;
			buildSettings = {
				ALWAYS_SEARCH_USER_PATHS = NO;
				ASSETCATALOG_COMPILER_GENERATE_SWIFT_ASSET_SYMBOL_EXTENSIONS = YES;
				CLANG_ANALYZER_NONNULL = YES;
				CLANG_ANALYZER_NUMBER_OBJECT_CONVERSION = YES_AGGRESSIVE;
				CLANG_CXX_LANGUAGE_STANDARD = "gnu++20";
				CLANG_ENABLE_MODULES = YES;
				CLANG_ENABLE_OBJC_ARC = YES;
				CLANG_ENABLE_OBJC_WEAK = YES;
				CLANG_WARN_BLOCK_CAPTURE_AUTORELEASING = YES;
				CLANG_WARN_BOOL_CONVERSION = YES;
				CLANG_WARN_COMMA = YES;
				CLANG_WARN_CONSTANT_CONVERSION = YES;
				CLANG_WARN_DEPRECATED_OBJC_IMPLEMENTATIONS = YES;
				CLANG_WARN_DIRECT_OBJC_ISA_USAGE = YES_ERROR;
				CLANG_WARN_DOCUMENTATION_COMMENTS = YES;
				CLANG_WARN_EMPTY_BODY = YES;
				CLANG_WARN_ENUM_CONVERSION = YES;
				CLANG_WARN_INFINITE_RECURSION = YES;
				CLANG_WARN_INT_CONVERSION = YES;
				CLANG_WARN_NON_LITERAL_NULL_CONVERSION = YES;
				CLANG_WARN_OBJC_IMPLICIT_RETAIN_SELF = YES;
				CLANG_WARN_OBJC_LITERAL_CONVERSION = YES;
				CLANG_WARN_OBJC_ROOT_CLASS = YES_ERROR;
				CLANG_WARN_QUOTED_INCLUDE_IN_FRAMEWORK_HEADER = YES;
				CLANG_WARN_RANGE_LOOP_ANALYSIS = YES;
				CLANG_WARN_STRICT_PROTOTYPES = YES;
				CLANG_WARN_SUSPICIOUS_MOVE = YES;
				CLANG_WARN_UNGUARDED_AVAILABILITY = YES_AGGRESSIVE;
				CLANG_WARN_UNREACHABLE_CODE = YES;
				CLANG_WARN__DUPLICATE_METHOD_MATCH = YES;
				COPY_PHASE_STRIP = NO;
				DEBUG_INFORMATION_FORMAT = "dwarf-with-dsym";
				ENABLE_NS_ASSERTIONS = NO;
				ENABLE_STRICT_OBJC_MSGSEND = YES;
				ENABLE_USER_SCRIPT_SANDBOXING = YES;
				GCC_C_LANGUAGE_STANDARD = gnu17;
				GCC_NO_COMMON_BLOCKS = YES;
				GCC_WARN_64_TO_32_BIT_CONVERSION = YES;
				GCC_WARN_ABOUT_RETURN_TYPE = YES_ERROR;
				GCC_WARN_UNDECLARED_SELECTOR = YES;
				GCC_WARN_UNINITIALIZED_AUTOS = YES_AGGRESSIVE;
				GCC_WARN_UNUSED_FUNCTION = YES;
				GCC_WARN_UNUSED_VARIABLE = YES;
				IPHONEOS_DEPLOYMENT_TARGET = 18.5;
				LOCALIZATION_PREFERS_STRING_CATALOGS = YES;
				MTL_ENABLE_DEBUG_INFO = NO;
				MTL_FAST_MATH = YES;
				SDKROOT = iphoneos;
				SWIFT_COMPILATION_MODE = wholemodule;
				VALIDATE_PRODUCT = YES;
			};
			name = Release;
		};
		5C95E86D2EB1C22D005A34B7 /* Debug */ = {
			isa = XCBuildConfiguration;
			buildSettings = {
				ASSETCATALOG_COMPILER_APPICON_NAME = AppIcon;
				ASSETCATALOG_COMPILER_GLOBAL_ACCENT_COLOR_NAME = AccentColor;
				CODE_SIGN_STYLE = Automatic;
				CURRENT_PROJECT_VERSION = 1;
				ENABLE_PREVIEWS = YES;
				GENERATE_INFOPLIST_FILE = YES;
				INFOPLIST_KEY_CFBundleDisplayName = HatchWorks;
				INFOPLIST_KEY_UIApplicationSceneManifest_Generation = YES;
				INFOPLIST_KEY_UIApplicationSupportsIndirectInputEvents = YES;
				INFOPLIST_KEY_UILaunchScreen_Generation = YES;
				INFOPLIST_KEY_UISupportedInterfaceOrientations = UIInterfaceOrientationPortrait;
				LD_RUNPATH_SEARCH_PATHS = (
					"$(inherited)",
					"@executable_path/Frameworks",
				);
				MARKETING_VERSION = 1.0;
				PRODUCT_BUNDLE_IDENTIFIER = com.miguelorjuela.HatchWorksCodeChallenge;
				PRODUCT_NAME = "$(TARGET_NAME)";
				SWIFT_EMIT_LOC_STRINGS = YES;
				SWIFT_VERSION = 5.0;
				TARGETED_DEVICE_FAMILY = "1,2";
			};
			name = Debug;
		};
		5C95E86E2EB1C22D005A34B7 /* Release */ = {
			isa = XCBuildConfiguration;
			buildSettings = {
				ASSETCATALOG_COMPILER_APPICON_NAME = AppIcon;
				ASSETCATALOG_COMPILER_GLOBAL_ACCENT_COLOR_NAME = AccentColor;
				CODE_SIGN_STYLE = Automatic;
				CURRENT_PROJECT_VERSION = 1;
				ENABLE_PREVIEWS = YES;
				GENERATE_INFOPLIST_FILE = YES;
				INFOPLIST_KEY_CFBundleDisplayName = HatchWorks;
				INFOPLIST_KEY_UIApplicationSceneManifest_Generation = YES;
				INFOPLIST_KEY_UIApplicationSupportsIndirectInputEvents = YES;
				INFOPLIST_KEY_UILaunchScreen_Generation = YES;
				INFOPLIST_KEY_UISupportedInterfaceOrientations = UIInterfaceOrientationPortrait;
				LD_RUNPATH_SEARCH_PATHS = (
					"$(inherited)",
					"@executable_path/Frameworks",
				);
				MARKETING_VERSION = 1.0;
				PRODUCT_BUNDLE_IDENTIFIER = com.miguelorjuela.HatchWorksCodeChallenge;
				PRODUCT_NAME = "$(TARGET_NAME)";
				SWIFT_EMIT_LOC_STRINGS = YES;
				SWIFT_VERSION = 5.0;
				TARGETED_DEVICE_FAMILY = "1,2";
			};
			name = Release;
		};
		5C95E8702EB1C22D005A34B7 /* Debug */ = {
			isa = XCBuildConfiguration;
			buildSettings = {
				BUNDLE_LOADER = "$(TEST_HOST)";
				CLANG_ENABLE_MODULES = YES;
				CODE_SIGN_STYLE = Automatic;
				CURRENT_PROJECT_VERSION = 1;
				GENERATE_INFOPLIST_FILE = YES;
				IPHONEOS_DEPLOYMENT_TARGET = 18.5;
				MARKETING_VERSION = 1.0;
				PRODUCT_BUNDLE_IDENTIFIER = com.miguelorjuela.HatchWorksCodeChallengeTests;
				PRODUCT_NAME = "$(TARGET_NAME)";
				SWIFT_EMIT_LOC_STRINGS = NO;
				SWIFT_OPTIMIZATION_LEVEL = "-Onone";
				SWIFT_VERSION = 5.0;
				TARGETED_DEVICE_FAMILY = "1,2";
				TEST_HOST = "$(BUILT_PRODUCTS_DIR)/HatchWorksCodeChallenge.app/$(BUNDLE_EXECUTABLE_FOLDER_PATH)/HatchWorksCodeChallenge";
			};
			name = Debug;
		};
		5C95E8712EB1C22D005A34B7 /* Release */ = {
			isa = XCBuildConfiguration;
			buildSettings = {
				BUNDLE_LOADER = "$(TEST_HOST)";
				CLANG_ENABLE_MODULES = YES;
				CODE_SIGN_STYLE = Automatic;
				CURRENT_PROJECT_VERSION = 1;
				GENERATE_INFOPLIST_FILE = YES;
				IPHONEOS_DEPLOYMENT_TARGET = 18.5;
				MARKETING_VERSION = 1.0;
				PRODUCT_BUNDLE_IDENTIFIER = com.miguelorjuela.HatchWorksCodeChallengeTests;
				PRODUCT_NAME = "$(TARGET_NAME)";
				SWIFT_EMIT_LOC_STRINGS = NO;
				SWIFT_VERSION = 5.0;
				TARGETED_DEVICE_FAMILY = "1,2";
				TEST_HOST = "$(BUILT_PRODUCTS_DIR)/HatchWorksCodeChallenge.app/$(BUNDLE_EXECUTABLE_FOLDER_PATH)/HatchWorksCodeChallenge";
			};
			name = Release;
		};
		5C95E8732EB1C22D005A34B7 /* Debug */ = {
			isa = XCBuildConfiguration;
			buildSettings = {
				CODE_SIGN_STYLE = Automatic;
				CURRENT_PROJECT_VERSION = 1;
				GENERATE_INFOPLIST_FILE = YES;
				MARKETING_VERSION = 1.0;
				PRODUCT_BUNDLE_IDENTIFIER = com.miguelorjuela.HatchWorksCodeChallengeUITests;
				PRODUCT_NAME = "$(TARGET_NAME)";
				SWIFT_EMIT_LOC_STRINGS = NO;
				SWIFT_VERSION = 5.0;
				TARGETED_DEVICE_FAMILY = "1,2";
				TEST_TARGET_NAME = HatchWorksCodeChallenge;
			};
			name = Debug;
		};
		5C95E8742EB1C22D005A34B7 /* Release */ = {
			isa = XCBuildConfiguration;
			buildSettings = {
				CODE_SIGN_STYLE = Automatic;
				CURRENT_PROJECT_VERSION = 1;
				GENERATE_INFOPLIST_FILE = YES;
				MARKETING_VERSION = 1.0;
				PRODUCT_BUNDLE_IDENTIFIER = com.miguelorjuela.HatchWorksCodeChallengeUITests;
				PRODUCT_NAME = "$(TARGET_NAME)";
				SWIFT_EMIT_LOC_STRINGS = NO;
				SWIFT_VERSION = 5.0;
				TARGETED_DEVICE_FAMILY = "1,2";
				TEST_TARGET_NAME = HatchWorksCodeChallenge;
			};
			name = Release;
		};
/* End XCBuildConfiguration section */

/* Begin XCConfigurationList section */
		5C95E8442EB1C22B005A34B7 /* Build configuration list for PBXProject "HatchWorksCodeChallenge" */ = {
			isa = XCConfigurationList;
			buildConfigurations = (
				5C95E86A2EB1C22D005A34B7 /* Debug */,
				5C95E86B2EB1C22D005A34B7 /* Release */,
			);
			defaultConfigurationIsVisible = 0;
			defaultConfigurationName = Release;
		};
		5C95E86C2EB1C22D005A34B7 /* Build configuration list for PBXNativeTarget "HatchWorksCodeChallenge" */ = {
			isa = XCConfigurationList;
			buildConfigurations = (
				5C95E86D2EB1C22D005A34B7 /* Debug */,
				5C95E86E2EB1C22D005A34B7 /* Release */,
			);
			defaultConfigurationIsVisible = 0;
			defaultConfigurationName = Release;
		};
		5C95E86F2EB1C22D005A34B7 /* Build configuration list for PBXNativeTarget "HatchWorksCodeChallengeTests" */ = {
			isa = XCConfigurationList;
			buildConfigurations = (
				5C95E8702EB1C22D005A34B7 /* Debug */,
				5C95E8712EB1C22D005A34B7 /* Release */,
			);
			defaultConfigurationIsVisible = 0;
			defaultConfigurationName = Release;
		};
		5C95E8722EB1C22D005A34B7 /* Build configuration list for PBXNativeTarget "HatchWorksCodeChallengeUITests" */ = {
			isa = XCConfigurationList;
			buildConfigurations = (
				5C95E8732EB1C22D005A34B7 /* Debug */,
				5C95E8742EB1C22D005A34B7 /* Release */,
			);
			defaultConfigurationIsVisible = 0;
			defaultConfigurationName = Release;
		};
/* End XCConfigurationList section */

/* Begin XCRemoteSwiftPackageReference section */
		5C95E8D72EB1C6D0005A34B7 /* XCRemoteSwiftPackageReference "SDWebImageSwiftUI" */ = {
			isa = XCRemoteSwiftPackageReference;
			repositoryURL = "https://github.com/SDWebImage/SDWebImageSwiftUI.git";
			requirement = {
				kind = upToNextMajorVersion;
				minimumVersion = 3.1.3;
			};
		};
/* End XCRemoteSwiftPackageReference section */

/* Begin XCSwiftPackageProductDependency section */
		5C95E8D82EB1C6D0005A34B7 /* SDWebImageSwiftUI */ = {
			isa = XCSwiftPackageProductDependency;
			package = 5C95E8D72EB1C6D0005A34B7 /* XCRemoteSwiftPackageReference "SDWebImageSwiftUI" */;
			productName = SDWebImageSwiftUI;
		};
/* End XCSwiftPackageProductDependency section */
	};
	rootObject = 5C95E8412EB1C22B005A34B7 /* Project object */;
}
